{
  "originHash" : "f4593ed903e65c01d33d744400ca43022d6070401364d76a1f78b8a5f9dce733",
  "pins" : [
    {
      "identity" : "cryptoswift",
      "kind" : "remoteSourceControl",
      "location" : "https://github.com/krzyzanowskim/CryptoSwift.git",
      "state" : {
        "revision" : "678d442c6f7828def400a70ae15968aef67ef52d",
        "version" : "1.8.3"
      }
    }
  ],
  "version" : 3
}
