// !$*UTF8*$!
{
	archiveVersion = 1;
	classes = {
	};
	objectVersion = 56;
	objects = {

/* Begin PBXBuildFile section */
		981559082D79898B00AA8B9F /* RestApiManager.swift in Sources */ = {isa = PBXBuildFile; fileRef = 981559062D79898B00AA8B9F /* RestApiManager.swift */; };
		981559092D79898B00AA8B9F /* WebViewManager.swift in Sources */ = {isa = PBXBuildFile; fileRef = 981559072D79898B00AA8B9F /* WebViewManager.swift */; };
		9815590B2D79899900AA8B9F /* WebPopupViewController.swift in Sources */ = {isa = PBXBuildFile; fileRef = 9815590A2D79899900AA8B9F /* WebPopupViewController.swift */; };
		9815590D2D7989A600AA8B9F /* TagWorksPopup.swift in Sources */ = {isa = PBXBuildFile; fileRef = 9815590C2D7989A600AA8B9F /* TagWorksPopup.swift */; };
		981559102D79A23C00AA8B9F /* UI+Extensions.swift in Sources */ = {isa = PBXBuildFile; fileRef = 9815590F2D79A23C00AA8B9F /* UI+Extensions.swift */; };
		981559122D79B05F00AA8B9F /* WebPopupStyle.swift in Sources */ = {isa = PBXBuildFile; fileRef = 981559112D79B05F00AA8B9F /* WebPopupStyle.swift */; };
		9850EAF42D019BF300701F00 /* Bit.swift in Sources */ = {isa = PBXBuildFile; fileRef = 9850EAC82D019BF300701F00 /* Bit.swift */; };
		9850EAF52D019BF300701F00 /* UInt8+Extension.swift in Sources */ = {isa = PBXBuildFile; fileRef = 9850EAEB2D019BF300701F00 /* UInt8+Extension.swift */; };
		9850EAF62D019BF300701F00 /* BlockCipher.swift in Sources */ = {isa = PBXBuildFile; fileRef = 9850EAC92D019BF300701F00 /* BlockCipher.swift */; };
		9850EAF72D019BF300701F00 /* UInt128.swift in Sources */ = {isa = PBXBuildFile; fileRef = 9850EAEF2D019BF300701F00 /* UInt128.swift */; };
		9850EAF82D019BF300701F00 /* OFB.swift in Sources */ = {isa = PBXBuildFile; fileRef = 9850EAB02D019BF300701F00 /* OFB.swift */; };
		9850EAF92D019BF300701F00 /* Generics.swift in Sources */ = {isa = PBXBuildFile; fileRef = 9850EAD82D019BF300701F00 /* Generics.swift */; };
		9850EAFA2D019BF300701F00 /* BlockMode.swift in Sources */ = {isa = PBXBuildFile; fileRef = 9850EAA62D019BF300701F00 /* BlockMode.swift */; };
		9850EAFB2D019BF300701F00 /* Collection+Extension.swift in Sources */ = {isa = PBXBuildFile; fileRef = 9850EAD22D019BF300701F00 /* Collection+Extension.swift */; };
		9850EAFC2D019BF300701F00 /* Utils.swift in Sources */ = {isa = PBXBuildFile; fileRef = 9850EAF12D019BF300701F00 /* Utils.swift */; };
		9850EAFD2D019BF300701F00 /* BatchedCollection.swift in Sources */ = {isa = PBXBuildFile; fileRef = 9850EAC72D019BF300701F00 /* BatchedCollection.swift */; };
		9850EAFE2D019BF300701F00 /* AEADChaCha20Poly1305.swift in Sources */ = {isa = PBXBuildFile; fileRef = 9850EAA42D019BF300701F00 /* AEADChaCha20Poly1305.swift */; };
		9850EAFF2D019BF300701F00 /* UInt64+Extension.swift in Sources */ = {isa = PBXBuildFile; fileRef = 9850EAEE2D019BF300701F00 /* UInt64+Extension.swift */; };
		9850EB002D019BF300701F00 /* Utils+Foundation.swift in Sources */ = {isa = PBXBuildFile; fileRef = 9850EABB2D019BF300701F00 /* Utils+Foundation.swift */; };
		9850EB012D019BF300701F00 /* Cryptor.swift in Sources */ = {isa = PBXBuildFile; fileRef = 9850EAD42D019BF300701F00 /* Cryptor.swift */; };
		9850EB022D019BF300701F00 /* PCBC.swift in Sources */ = {isa = PBXBuildFile; fileRef = 9850EAB12D019BF300701F00 /* PCBC.swift */; };
		9850EB032D019BF300701F00 /* PKCS7.swift in Sources */ = {isa = PBXBuildFile; fileRef = 9850EAC02D019BF300701F00 /* PKCS7.swift */; };
		9850EB042D019BF300701F00 /* AES.Cryptors.swift in Sources */ = {isa = PBXBuildFile; fileRef = 9850EAC42D019BF300701F00 /* AES.Cryptors.swift */; };
		9850EB052D019BF300701F00 /* Authenticator.swift in Sources */ = {isa = PBXBuildFile; fileRef = 9850EAC62D019BF300701F00 /* Authenticator.swift */; };
		9850EB062D019BF300701F00 /* CBC.swift in Sources */ = {isa = PBXBuildFile; fileRef = 9850EAA82D019BF300701F00 /* CBC.swift */; };
		9850EB072D019BF300701F00 /* StreamEncryptor.swift in Sources */ = {isa = PBXBuildFile; fileRef = 9850EAE92D019BF300701F00 /* StreamEncryptor.swift */; };
		9850EB082D019BF300701F00 /* Rabbit.swift in Sources */ = {isa = PBXBuildFile; fileRef = 9850EAE22D019BF300701F00 /* Rabbit.swift */; };
		9850EB092D019BF300701F00 /* HKDF.swift in Sources */ = {isa = PBXBuildFile; fileRef = 9850EAD92D019BF300701F00 /* HKDF.swift */; };
		9850EB0A2D019BF300701F00 /* Cipher.swift in Sources */ = {isa = PBXBuildFile; fileRef = 9850EAD02D019BF300701F00 /* Cipher.swift */; };
		9850EB0B2D019BF300701F00 /* ISO78164Padding.swift in Sources */ = {isa = PBXBuildFile; fileRef = 9850EADC2D019BF300701F00 /* ISO78164Padding.swift */; };
		9850EB0C2D019BF300701F00 /* Operators.swift in Sources */ = {isa = PBXBuildFile; fileRef = 9850EADF2D019BF300701F00 /* Operators.swift */; };
		9850EB0D2D019BF300701F00 /* String+FoundationExtension.swift in Sources */ = {isa = PBXBuildFile; fileRef = 9850EABA2D019BF300701F00 /* String+FoundationExtension.swift */; };
		9850EB0E2D019BF300701F00 /* Cryptors.swift in Sources */ = {isa = PBXBuildFile; fileRef = 9850EAD52D019BF300701F00 /* Cryptors.swift */; };
		9850EB0F2D019BF300701F00 /* String+Extension.swift in Sources */ = {isa = PBXBuildFile; fileRef = 9850EAEA2D019BF300701F00 /* String+Extension.swift */; };
		9850EB102D019BF300701F00 /* ChaCha20+Foundation.swift in Sources */ = {isa = PBXBuildFile; fileRef = 9850EAB62D019BF300701F00 /* ChaCha20+Foundation.swift */; };
		9850EB112D019BF300701F00 /* CBCMAC.swift in Sources */ = {isa = PBXBuildFile; fileRef = 9850EACD2D019BF300701F00 /* CBCMAC.swift */; };
		9850EB122D019BF300701F00 /* Updatable.swift in Sources */ = {isa = PBXBuildFile; fileRef = 9850EAF02D019BF300701F00 /* Updatable.swift */; };
		9850EB132D019BF300701F00 /* OCB.swift in Sources */ = {isa = PBXBuildFile; fileRef = 9850EAAF2D019BF300701F00 /* OCB.swift */; };
		9850EB142D019BF300701F00 /* BlockModeOptions.swift in Sources */ = {isa = PBXBuildFile; fileRef = 9850EAA72D019BF300701F00 /* BlockModeOptions.swift */; };
		9850EB152D019BF300701F00 /* Data+Extension.swift in Sources */ = {isa = PBXBuildFile; fileRef = 9850EAB72D019BF300701F00 /* Data+Extension.swift */; };
		9850EB162D019BF300701F00 /* AES+Foundation.swift in Sources */ = {isa = PBXBuildFile; fileRef = 9850EAB32D019BF300701F00 /* AES+Foundation.swift */; };
		9850EB172D019BF300701F00 /* ECB.swift in Sources */ = {isa = PBXBuildFile; fileRef = 9850EAAD2D019BF300701F00 /* ECB.swift */; };
		9850EB182D019BF300701F00 /* PBKDF1.swift in Sources */ = {isa = PBXBuildFile; fileRef = 9850EABD2D019BF300701F00 /* PBKDF1.swift */; };
		9850EB192D019BF300701F00 /* AES.swift in Sources */ = {isa = PBXBuildFile; fileRef = 9850EAC32D019BF300701F00 /* AES.swift */; };
		9850EB1A2D019BF300701F00 /* Checksum.swift in Sources */ = {isa = PBXBuildFile; fileRef = 9850EACF2D019BF300701F00 /* Checksum.swift */; };
		9850EB1B2D019BF300701F00 /* SHA3.swift in Sources */ = {isa = PBXBuildFile; fileRef = 9850EAE72D019BF300701F00 /* SHA3.swift */; };
		9850EB1C2D019BF300701F00 /* Rabbit+Foundation.swift in Sources */ = {isa = PBXBuildFile; fileRef = 9850EAB92D019BF300701F00 /* Rabbit+Foundation.swift */; };
		9850EB1D2D019BF300701F00 /* SHA1.swift in Sources */ = {isa = PBXBuildFile; fileRef = 9850EAE52D019BF300701F00 /* SHA1.swift */; };
		9850EB1E2D019BF300701F00 /* PKCS5.swift in Sources */ = {isa = PBXBuildFile; fileRef = 9850EABF2D019BF300701F00 /* PKCS5.swift */; };
		9850EB1F2D019BF300701F00 /* Array+Extension.swift in Sources */ = {isa = PBXBuildFile; fileRef = 9850EAC52D019BF300701F00 /* Array+Extension.swift */; };
		9850EB202D019BF300701F00 /* CMAC.swift in Sources */ = {isa = PBXBuildFile; fileRef = 9850EAD12D019BF300701F00 /* CMAC.swift */; };
		9850EB212D019BF300701F00 /* ZeroPadding.swift in Sources */ = {isa = PBXBuildFile; fileRef = 9850EAF22D019BF300701F00 /* ZeroPadding.swift */; };
		9850EB222D019BF300701F00 /* Padding.swift in Sources */ = {isa = PBXBuildFile; fileRef = 9850EAE02D019BF300701F00 /* Padding.swift */; };
		9850EB232D019BF300701F00 /* CFB.swift in Sources */ = {isa = PBXBuildFile; fileRef = 9850EAAA2D019BF300701F00 /* CFB.swift */; };
		9850EB242D019BF300701F00 /* MD5.swift in Sources */ = {isa = PBXBuildFile; fileRef = 9850EADD2D019BF300701F00 /* MD5.swift */; };
		9850EB252D019BF300701F00 /* CompactMap.swift in Sources */ = {isa = PBXBuildFile; fileRef = 9850EAD32D019BF300701F00 /* CompactMap.swift */; };
		9850EB262D019BF300701F00 /* Array+Foundation.swift in Sources */ = {isa = PBXBuildFile; fileRef = 9850EAB42D019BF300701F00 /* Array+Foundation.swift */; };
		9850EB272D019BF300701F00 /* ChaCha20.swift in Sources */ = {isa = PBXBuildFile; fileRef = 9850EACE2D019BF300701F00 /* ChaCha20.swift */; };
		9850EB282D019BF300701F00 /* SHA2.swift in Sources */ = {isa = PBXBuildFile; fileRef = 9850EAE62D019BF300701F00 /* SHA2.swift */; };
		9850EB292D019BF300701F00 /* CTR.swift in Sources */ = {isa = PBXBuildFile; fileRef = 9850EAAC2D019BF300701F00 /* CTR.swift */; };
		9850EB2A2D019BF300701F00 /* PKCS7Padding.swift in Sources */ = {isa = PBXBuildFile; fileRef = 9850EAC12D019BF300701F00 /* PKCS7Padding.swift */; };
		9850EB2B2D019BF300701F00 /* BlockEncryptor.swift in Sources */ = {isa = PBXBuildFile; fileRef = 9850EACB2D019BF300701F00 /* BlockEncryptor.swift */; };
		9850EB2C2D019BF300701F00 /* GCM.swift in Sources */ = {isa = PBXBuildFile; fileRef = 9850EAAE2D019BF300701F00 /* GCM.swift */; };
		9850EB2D2D019BF300701F00 /* Blowfish.swift in Sources */ = {isa = PBXBuildFile; fileRef = 9850EACC2D019BF300701F00 /* Blowfish.swift */; };
		9850EB2E2D019BF300701F00 /* CipherModeWorker.swift in Sources */ = {isa = PBXBuildFile; fileRef = 9850EAAB2D019BF300701F00 /* CipherModeWorker.swift */; };
		9850EB2F2D019BF300701F00 /* StreamDecryptor.swift in Sources */ = {isa = PBXBuildFile; fileRef = 9850EAE82D019BF300701F00 /* StreamDecryptor.swift */; };
		9850EB302D019BF300701F00 /* Blowfish+Foundation.swift in Sources */ = {isa = PBXBuildFile; fileRef = 9850EAB52D019BF300701F00 /* Blowfish+Foundation.swift */; };
		9850EB312D019BF300701F00 /* HMAC+Foundation.swift in Sources */ = {isa = PBXBuildFile; fileRef = 9850EAB82D019BF300701F00 /* HMAC+Foundation.swift */; };
		9850EB322D019BF300701F00 /* HMAC.swift in Sources */ = {isa = PBXBuildFile; fileRef = 9850EADA2D019BF300701F00 /* HMAC.swift */; };
		9850EB332D019BF300701F00 /* UInt16+Extension.swift in Sources */ = {isa = PBXBuildFile; fileRef = 9850EAEC2D019BF300701F00 /* UInt16+Extension.swift */; };
		9850EB342D019BF300701F00 /* SecureBytes.swift in Sources */ = {isa = PBXBuildFile; fileRef = 9850EAE42D019BF300701F00 /* SecureBytes.swift */; };
		9850EB352D019BF300701F00 /* DigestType.swift in Sources */ = {isa = PBXBuildFile; fileRef = 9850EAD72D019BF300701F00 /* DigestType.swift */; };
		9850EB362D019BF300701F00 /* AEAD.swift in Sources */ = {isa = PBXBuildFile; fileRef = 9850EAA32D019BF300701F00 /* AEAD.swift */; };
		9850EB372D019BF300701F00 /* CCM.swift in Sources */ = {isa = PBXBuildFile; fileRef = 9850EAA92D019BF300701F00 /* CCM.swift */; };
		9850EB382D019BF300701F00 /* Scrypt.swift in Sources */ = {isa = PBXBuildFile; fileRef = 9850EAE32D019BF300701F00 /* Scrypt.swift */; };
		9850EB392D019BF300701F00 /* UInt32+Extension.swift in Sources */ = {isa = PBXBuildFile; fileRef = 9850EAED2D019BF300701F00 /* UInt32+Extension.swift */; };
		9850EB3A2D019BF300701F00 /* BlockDecryptor.swift in Sources */ = {isa = PBXBuildFile; fileRef = 9850EACA2D019BF300701F00 /* BlockDecryptor.swift */; };
		9850EB3B2D019BF300701F00 /* Poly1305.swift in Sources */ = {isa = PBXBuildFile; fileRef = 9850EAE12D019BF300701F00 /* Poly1305.swift */; };
		9850EB3C2D019BF300701F00 /* Digest.swift in Sources */ = {isa = PBXBuildFile; fileRef = 9850EAD62D019BF300701F00 /* Digest.swift */; };
		9850EB3D2D019BF300701F00 /* Int+Extension.swift in Sources */ = {isa = PBXBuildFile; fileRef = 9850EADB2D019BF300701F00 /* Int+Extension.swift */; };
		9850EB3E2D019BF300701F00 /* NoPadding.swift in Sources */ = {isa = PBXBuildFile; fileRef = 9850EADE2D019BF300701F00 /* NoPadding.swift */; };
		9850EB3F2D019BF300701F00 /* PBKDF2.swift in Sources */ = {isa = PBXBuildFile; fileRef = 9850EABE2D019BF300701F00 /* PBKDF2.swift */; };
		98A273FE2D8BA1AA0072A10C /* DetailWebViewController.swift in Sources */ = {isa = PBXBuildFile; fileRef = 98A273FD2D8BA1AA0072A10C /* DetailWebViewController.swift */; };
		98A2740D2D8CFAEF0072A10C /* close_416.png in Resources */ = {isa = PBXBuildFile; fileRef = 98A2740B2D8CFAEF0072A10C /* close_416.png */; };
		98A2740E2D8CFAEF0072A10C /* close_white_416.png in Resources */ = {isa = PBXBuildFile; fileRef = 98A2740C2D8CFAEF0072A10C /* close_white_416.png */; };
		98A274102D8D55800072A10C /* DetailWebViewController.xib in Resources */ = {isa = PBXBuildFile; fileRef = 98A2740F2D8D55800072A10C /* DetailWebViewController.xib */; };
		98CE84FF2C50CD7700245400 /* TagWorks_SDK_iOS_v1.docc in Sources */ = {isa = PBXBuildFile; fileRef = 98CE84FE2C50CD7700245400 /* TagWorks_SDK_iOS_v1.docc */; };
		98CE85052C50CD7700245400 /* TagWorks_SDK_iOS_v1.framework in Frameworks */ = {isa = PBXBuildFile; fileRef = 98CE84FA2C50CD7700245400 /* TagWorks_SDK_iOS_v1.framework */; };
		98CE850A2C50CD7700245400 /* TagWorks_SDK_iOS_v1Tests.swift in Sources */ = {isa = PBXBuildFile; fileRef = 98CE85092C50CD7700245400 /* TagWorks_SDK_iOS_v1Tests.swift */; };
		98CE850B2C50CD7700245400 /* TagWorks_SDK_iOS_v1.h in Headers */ = {isa = PBXBuildFile; fileRef = 98CE84FD2C50CD7700245400 /* TagWorks_SDK_iOS_v1.h */; settings = {ATTRIBUTES = (Public, ); }; };
		98CE852C2C50CDF500245400 /* TagWorks.swift in Sources */ = {isa = PBXBuildFile; fileRef = 98CE85142C50CDF400245400 /* TagWorks.swift */; };
		98CE852D2C50CDF500245400 /* DefaultDispatcher.swift in Sources */ = {isa = PBXBuildFile; fileRef = 98CE85152C50CDF400245400 /* DefaultDispatcher.swift */; };
		98CE852E2C50CDF500245400 /* Common.swift in Sources */ = {isa = PBXBuildFile; fileRef = 98CE85172C50CDF500245400 /* Common.swift */; };
		98CE852F2C50CDF500245400 /* LogLevel.swift in Sources */ = {isa = PBXBuildFile; fileRef = 98CE85182C50CDF500245400 /* LogLevel.swift */; };
		98CE85302C50CDF500245400 /* CommonUtil.swift in Sources */ = {isa = PBXBuildFile; fileRef = 98CE851A2C50CDF500245400 /* CommonUtil.swift */; };
		98CE85312C50CDF500245400 /* DefaultLogger.swift in Sources */ = {isa = PBXBuildFile; fileRef = 98CE851B2C50CDF500245400 /* DefaultLogger.swift */; };
		98CE85322C50CDF500245400 /* DefaultQueue.swift in Sources */ = {isa = PBXBuildFile; fileRef = 98CE851C2C50CDF500245400 /* DefaultQueue.swift */; };
		98CE85332C50CDF500245400 /* EventSerializer.swift in Sources */ = {isa = PBXBuildFile; fileRef = 98CE851D2C50CDF500245400 /* EventSerializer.swift */; };
		98CE85342C50CDF500245400 /* Dispatcher.swift in Sources */ = {isa = PBXBuildFile; fileRef = 98CE851F2C50CDF500245400 /* Dispatcher.swift */; };
		98CE85352C50CDF500245400 /* Logger.swift in Sources */ = {isa = PBXBuildFile; fileRef = 98CE85202C50CDF500245400 /* Logger.swift */; };
		98CE85362C50CDF500245400 /* Queue.swift in Sources */ = {isa = PBXBuildFile; fileRef = 98CE85212C50CDF500245400 /* Queue.swift */; };
		98CE85372C50CDF500245400 /* Serializer.swift in Sources */ = {isa = PBXBuildFile; fileRef = 98CE85222C50CDF500245400 /* Serializer.swift */; };
		98CE85382C50CDF500245400 /* AppInfo.swift in Sources */ = {isa = PBXBuildFile; fileRef = 98CE85242C50CDF500245400 /* AppInfo.swift */; };
		98CE85392C50CDF500245400 /* DataBundle.swift in Sources */ = {isa = PBXBuildFile; fileRef = 98CE85252C50CDF500245400 /* DataBundle.swift */; };
		98CE853A2C50CDF500245400 /* DeviceInfo.swift in Sources */ = {isa = PBXBuildFile; fileRef = 98CE85262C50CDF500245400 /* DeviceInfo.swift */; };
		98CE853B2C50CDF500245400 /* Dimension.swift in Sources */ = {isa = PBXBuildFile; fileRef = 98CE85272C50CDF500245400 /* Dimension.swift */; };
		98CE853C2C50CDF500245400 /* Event.swift in Sources */ = {isa = PBXBuildFile; fileRef = 98CE85282C50CDF500245400 /* Event.swift */; };
		98CE853D2C50CDF500245400 /* UserAgent.swift in Sources */ = {isa = PBXBuildFile; fileRef = 98CE85292C50CDF500245400 /* UserAgent.swift */; };
		98CE853E2C50CDF500245400 /* TagWorksBase.swift in Sources */ = {isa = PBXBuildFile; fileRef = 98CE852B2C50CDF500245400 /* TagWorksBase.swift */; };
		98CE855A2C50F56000245400 /* WebInterface.swift in Sources */ = {isa = PBXBuildFile; fileRef = 98CE85592C50F56000245400 /* WebInterface.swift */; };
		98CE859E2C523EFB00245400 /* KeychainStorage.swift in Sources */ = {isa = PBXBuildFile; fileRef = 98CE859D2C523EFB00245400 /* KeychainStorage.swift */; };
		98CFA01D2DD7271900D347C3 /* UIViewController+Extensions.swift in Sources */ = {isa = PBXBuildFile; fileRef = 98CFA01C2DD7271900D347C3 /* UIViewController+Extensions.swift */; };
		98CFA01F2DD7274B00D347C3 /* UIView+Extensions.swift in Sources */ = {isa = PBXBuildFile; fileRef = 98CFA01E2DD7274B00D347C3 /* UIView+Extensions.swift */; };
		98E268EF2CC0D81600FF8F59 /* libswiftCore.tbd in Frameworks */ = {isa = PBXBuildFile; fileRef = 98E268EE2CC0D81600FF8F59 /* libswiftCore.tbd */; };
/* End PBXBuildFile section */

/* Begin PBXContainerItemProxy section */
		98CE85062C50CD7700245400 /* PBXContainerItemProxy */ = {
			isa = PBXContainerItemProxy;
			containerPortal = 98CE84F12C50CD7700245400 /* Project object */;
			proxyType = 1;
			remoteGlobalIDString = 98CE84F92C50CD7700245400;
			remoteInfo = "TagWorks-SDK-iOS-v1";
		};
/* End PBXContainerItemProxy section */

/* Begin PBXFileReference section */
		981559062D79898B00AA8B9F /* RestApiManager.swift */ = {isa = PBXFileReference; lastKnownFileType = sourcecode.swift; path = RestApiManager.swift; sourceTree = "<group>"; };
		981559072D79898B00AA8B9F /* WebViewManager.swift */ = {isa = PBXFileReference; lastKnownFileType = sourcecode.swift; path = WebViewManager.swift; sourceTree = "<group>"; };
		9815590A2D79899900AA8B9F /* WebPopupViewController.swift */ = {isa = PBXFileReference; lastKnownFileType = sourcecode.swift; path = WebPopupViewController.swift; sourceTree = "<group>"; };
		9815590C2D7989A600AA8B9F /* TagWorksPopup.swift */ = {isa = PBXFileReference; lastKnownFileType = sourcecode.swift; path = TagWorksPopup.swift; sourceTree = "<group>"; };
		9815590F2D79A23C00AA8B9F /* UI+Extensions.swift */ = {isa = PBXFileReference; lastKnownFileType = sourcecode.swift; path = "UI+Extensions.swift"; sourceTree = "<group>"; };
		981559112D79B05F00AA8B9F /* WebPopupStyle.swift */ = {isa = PBXFileReference; lastKnownFileType = sourcecode.swift; path = WebPopupStyle.swift; sourceTree = "<group>"; };
		9850EAA32D019BF300701F00 /* AEAD.swift */ = {isa = PBXFileReference; lastKnownFileType = sourcecode.swift; path = AEAD.swift; sourceTree = "<group>"; };
		9850EAA42D019BF300701F00 /* AEADChaCha20Poly1305.swift */ = {isa = PBXFileReference; lastKnownFileType = sourcecode.swift; path = AEADChaCha20Poly1305.swift; sourceTree = "<group>"; };
		9850EAA62D019BF300701F00 /* BlockMode.swift */ = {isa = PBXFileReference; lastKnownFileType = sourcecode.swift; path = BlockMode.swift; sourceTree = "<group>"; };
		9850EAA72D019BF300701F00 /* BlockModeOptions.swift */ = {isa = PBXFileReference; lastKnownFileType = sourcecode.swift; path = BlockModeOptions.swift; sourceTree = "<group>"; };
		9850EAA82D019BF300701F00 /* CBC.swift */ = {isa = PBXFileReference; lastKnownFileType = sourcecode.swift; path = CBC.swift; sourceTree = "<group>"; };
		9850EAA92D019BF300701F00 /* CCM.swift */ = {isa = PBXFileReference; lastKnownFileType = sourcecode.swift; path = CCM.swift; sourceTree = "<group>"; };
		9850EAAA2D019BF300701F00 /* CFB.swift */ = {isa = PBXFileReference; lastKnownFileType = sourcecode.swift; path = CFB.swift; sourceTree = "<group>"; };
		9850EAAB2D019BF300701F00 /* CipherModeWorker.swift */ = {isa = PBXFileReference; lastKnownFileType = sourcecode.swift; path = CipherModeWorker.swift; sourceTree = "<group>"; };
		9850EAAC2D019BF300701F00 /* CTR.swift */ = {isa = PBXFileReference; lastKnownFileType = sourcecode.swift; path = CTR.swift; sourceTree = "<group>"; };
		9850EAAD2D019BF300701F00 /* ECB.swift */ = {isa = PBXFileReference; lastKnownFileType = sourcecode.swift; path = ECB.swift; sourceTree = "<group>"; };
		9850EAAE2D019BF300701F00 /* GCM.swift */ = {isa = PBXFileReference; lastKnownFileType = sourcecode.swift; path = GCM.swift; sourceTree = "<group>"; };
		9850EAAF2D019BF300701F00 /* OCB.swift */ = {isa = PBXFileReference; lastKnownFileType = sourcecode.swift; path = OCB.swift; sourceTree = "<group>"; };
		9850EAB02D019BF300701F00 /* OFB.swift */ = {isa = PBXFileReference; lastKnownFileType = sourcecode.swift; path = OFB.swift; sourceTree = "<group>"; };
		9850EAB12D019BF300701F00 /* PCBC.swift */ = {isa = PBXFileReference; lastKnownFileType = sourcecode.swift; path = PCBC.swift; sourceTree = "<group>"; };
		9850EAB32D019BF300701F00 /* AES+Foundation.swift */ = {isa = PBXFileReference; lastKnownFileType = sourcecode.swift; path = "AES+Foundation.swift"; sourceTree = "<group>"; };
		9850EAB42D019BF300701F00 /* Array+Foundation.swift */ = {isa = PBXFileReference; lastKnownFileType = sourcecode.swift; path = "Array+Foundation.swift"; sourceTree = "<group>"; };
		9850EAB52D019BF300701F00 /* Blowfish+Foundation.swift */ = {isa = PBXFileReference; lastKnownFileType = sourcecode.swift; path = "Blowfish+Foundation.swift"; sourceTree = "<group>"; };
		9850EAB62D019BF300701F00 /* ChaCha20+Foundation.swift */ = {isa = PBXFileReference; lastKnownFileType = sourcecode.swift; path = "ChaCha20+Foundation.swift"; sourceTree = "<group>"; };
		9850EAB72D019BF300701F00 /* Data+Extension.swift */ = {isa = PBXFileReference; lastKnownFileType = sourcecode.swift; path = "Data+Extension.swift"; sourceTree = "<group>"; };
		9850EAB82D019BF300701F00 /* HMAC+Foundation.swift */ = {isa = PBXFileReference; lastKnownFileType = sourcecode.swift; path = "HMAC+Foundation.swift"; sourceTree = "<group>"; };
		9850EAB92D019BF300701F00 /* Rabbit+Foundation.swift */ = {isa = PBXFileReference; lastKnownFileType = sourcecode.swift; path = "Rabbit+Foundation.swift"; sourceTree = "<group>"; };
		9850EABA2D019BF300701F00 /* String+FoundationExtension.swift */ = {isa = PBXFileReference; lastKnownFileType = sourcecode.swift; path = "String+FoundationExtension.swift"; sourceTree = "<group>"; };
		9850EABB2D019BF300701F00 /* Utils+Foundation.swift */ = {isa = PBXFileReference; lastKnownFileType = sourcecode.swift; path = "Utils+Foundation.swift"; sourceTree = "<group>"; };
		9850EABD2D019BF300701F00 /* PBKDF1.swift */ = {isa = PBXFileReference; lastKnownFileType = sourcecode.swift; path = PBKDF1.swift; sourceTree = "<group>"; };
		9850EABE2D019BF300701F00 /* PBKDF2.swift */ = {isa = PBXFileReference; lastKnownFileType = sourcecode.swift; path = PBKDF2.swift; sourceTree = "<group>"; };
		9850EABF2D019BF300701F00 /* PKCS5.swift */ = {isa = PBXFileReference; lastKnownFileType = sourcecode.swift; path = PKCS5.swift; sourceTree = "<group>"; };
		9850EAC02D019BF300701F00 /* PKCS7.swift */ = {isa = PBXFileReference; lastKnownFileType = sourcecode.swift; path = PKCS7.swift; sourceTree = "<group>"; };
		9850EAC12D019BF300701F00 /* PKCS7Padding.swift */ = {isa = PBXFileReference; lastKnownFileType = sourcecode.swift; path = PKCS7Padding.swift; sourceTree = "<group>"; };
		9850EAC32D019BF300701F00 /* AES.swift */ = {isa = PBXFileReference; lastKnownFileType = sourcecode.swift; path = AES.swift; sourceTree = "<group>"; };
		9850EAC42D019BF300701F00 /* AES.Cryptors.swift */ = {isa = PBXFileReference; lastKnownFileType = sourcecode.swift; path = AES.Cryptors.swift; sourceTree = "<group>"; };
		9850EAC52D019BF300701F00 /* Array+Extension.swift */ = {isa = PBXFileReference; lastKnownFileType = sourcecode.swift; path = "Array+Extension.swift"; sourceTree = "<group>"; };
		9850EAC62D019BF300701F00 /* Authenticator.swift */ = {isa = PBXFileReference; lastKnownFileType = sourcecode.swift; path = Authenticator.swift; sourceTree = "<group>"; };
		9850EAC72D019BF300701F00 /* BatchedCollection.swift */ = {isa = PBXFileReference; lastKnownFileType = sourcecode.swift; path = BatchedCollection.swift; sourceTree = "<group>"; };
		9850EAC82D019BF300701F00 /* Bit.swift */ = {isa = PBXFileReference; lastKnownFileType = sourcecode.swift; path = Bit.swift; sourceTree = "<group>"; };
		9850EAC92D019BF300701F00 /* BlockCipher.swift */ = {isa = PBXFileReference; lastKnownFileType = sourcecode.swift; path = BlockCipher.swift; sourceTree = "<group>"; };
		9850EACA2D019BF300701F00 /* BlockDecryptor.swift */ = {isa = PBXFileReference; lastKnownFileType = sourcecode.swift; path = BlockDecryptor.swift; sourceTree = "<group>"; };
		9850EACB2D019BF300701F00 /* BlockEncryptor.swift */ = {isa = PBXFileReference; lastKnownFileType = sourcecode.swift; path = BlockEncryptor.swift; sourceTree = "<group>"; };
		9850EACC2D019BF300701F00 /* Blowfish.swift */ = {isa = PBXFileReference; lastKnownFileType = sourcecode.swift; path = Blowfish.swift; sourceTree = "<group>"; };
		9850EACD2D019BF300701F00 /* CBCMAC.swift */ = {isa = PBXFileReference; lastKnownFileType = sourcecode.swift; path = CBCMAC.swift; sourceTree = "<group>"; };
		9850EACE2D019BF300701F00 /* ChaCha20.swift */ = {isa = PBXFileReference; lastKnownFileType = sourcecode.swift; path = ChaCha20.swift; sourceTree = "<group>"; };
		9850EACF2D019BF300701F00 /* Checksum.swift */ = {isa = PBXFileReference; lastKnownFileType = sourcecode.swift; path = Checksum.swift; sourceTree = "<group>"; };
		9850EAD02D019BF300701F00 /* Cipher.swift */ = {isa = PBXFileReference; lastKnownFileType = sourcecode.swift; path = Cipher.swift; sourceTree = "<group>"; };
		9850EAD12D019BF300701F00 /* CMAC.swift */ = {isa = PBXFileReference; lastKnownFileType = sourcecode.swift; path = CMAC.swift; sourceTree = "<group>"; };
		9850EAD22D019BF300701F00 /* Collection+Extension.swift */ = {isa = PBXFileReference; lastKnownFileType = sourcecode.swift; path = "Collection+Extension.swift"; sourceTree = "<group>"; };
		9850EAD32D019BF300701F00 /* CompactMap.swift */ = {isa = PBXFileReference; lastKnownFileType = sourcecode.swift; path = CompactMap.swift; sourceTree = "<group>"; };
		9850EAD42D019BF300701F00 /* Cryptor.swift */ = {isa = PBXFileReference; lastKnownFileType = sourcecode.swift; path = Cryptor.swift; sourceTree = "<group>"; };
		9850EAD52D019BF300701F00 /* Cryptors.swift */ = {isa = PBXFileReference; lastKnownFileType = sourcecode.swift; path = Cryptors.swift; sourceTree = "<group>"; };
		9850EAD62D019BF300701F00 /* Digest.swift */ = {isa = PBXFileReference; lastKnownFileType = sourcecode.swift; path = Digest.swift; sourceTree = "<group>"; };
		9850EAD72D019BF300701F00 /* DigestType.swift */ = {isa = PBXFileReference; lastKnownFileType = sourcecode.swift; path = DigestType.swift; sourceTree = "<group>"; };
		9850EAD82D019BF300701F00 /* Generics.swift */ = {isa = PBXFileReference; lastKnownFileType = sourcecode.swift; path = Generics.swift; sourceTree = "<group>"; };
		9850EAD92D019BF300701F00 /* HKDF.swift */ = {isa = PBXFileReference; lastKnownFileType = sourcecode.swift; path = HKDF.swift; sourceTree = "<group>"; };
		9850EADA2D019BF300701F00 /* HMAC.swift */ = {isa = PBXFileReference; lastKnownFileType = sourcecode.swift; path = HMAC.swift; sourceTree = "<group>"; };
		9850EADB2D019BF300701F00 /* Int+Extension.swift */ = {isa = PBXFileReference; lastKnownFileType = sourcecode.swift; path = "Int+Extension.swift"; sourceTree = "<group>"; };
		9850EADC2D019BF300701F00 /* ISO78164Padding.swift */ = {isa = PBXFileReference; lastKnownFileType = sourcecode.swift; path = ISO78164Padding.swift; sourceTree = "<group>"; };
		9850EADD2D019BF300701F00 /* MD5.swift */ = {isa = PBXFileReference; lastKnownFileType = sourcecode.swift; path = MD5.swift; sourceTree = "<group>"; };
		9850EADE2D019BF300701F00 /* NoPadding.swift */ = {isa = PBXFileReference; lastKnownFileType = sourcecode.swift; path = NoPadding.swift; sourceTree = "<group>"; };
		9850EADF2D019BF300701F00 /* Operators.swift */ = {isa = PBXFileReference; lastKnownFileType = sourcecode.swift; path = Operators.swift; sourceTree = "<group>"; };
		9850EAE02D019BF300701F00 /* Padding.swift */ = {isa = PBXFileReference; lastKnownFileType = sourcecode.swift; path = Padding.swift; sourceTree = "<group>"; };
		9850EAE12D019BF300701F00 /* Poly1305.swift */ = {isa = PBXFileReference; lastKnownFileType = sourcecode.swift; path = Poly1305.swift; sourceTree = "<group>"; };
		9850EAE22D019BF300701F00 /* Rabbit.swift */ = {isa = PBXFileReference; lastKnownFileType = sourcecode.swift; path = Rabbit.swift; sourceTree = "<group>"; };
		9850EAE32D019BF300701F00 /* Scrypt.swift */ = {isa = PBXFileReference; lastKnownFileType = sourcecode.swift; path = Scrypt.swift; sourceTree = "<group>"; };
		9850EAE42D019BF300701F00 /* SecureBytes.swift */ = {isa = PBXFileReference; lastKnownFileType = sourcecode.swift; path = SecureBytes.swift; sourceTree = "<group>"; };
		9850EAE52D019BF300701F00 /* SHA1.swift */ = {isa = PBXFileReference; lastKnownFileType = sourcecode.swift; path = SHA1.swift; sourceTree = "<group>"; };
		9850EAE62D019BF300701F00 /* SHA2.swift */ = {isa = PBXFileReference; lastKnownFileType = sourcecode.swift; path = SHA2.swift; sourceTree = "<group>"; };
		9850EAE72D019BF300701F00 /* SHA3.swift */ = {isa = PBXFileReference; lastKnownFileType = sourcecode.swift; path = SHA3.swift; sourceTree = "<group>"; };
		9850EAE82D019BF300701F00 /* StreamDecryptor.swift */ = {isa = PBXFileReference; lastKnownFileType = sourcecode.swift; path = StreamDecryptor.swift; sourceTree = "<group>"; };
		9850EAE92D019BF300701F00 /* StreamEncryptor.swift */ = {isa = PBXFileReference; lastKnownFileType = sourcecode.swift; path = StreamEncryptor.swift; sourceTree = "<group>"; };
		9850EAEA2D019BF300701F00 /* String+Extension.swift */ = {isa = PBXFileReference; lastKnownFileType = sourcecode.swift; path = "String+Extension.swift"; sourceTree = "<group>"; };
		9850EAEB2D019BF300701F00 /* UInt8+Extension.swift */ = {isa = PBXFileReference; lastKnownFileType = sourcecode.swift; path = "UInt8+Extension.swift"; sourceTree = "<group>"; };
		9850EAEC2D019BF300701F00 /* UInt16+Extension.swift */ = {isa = PBXFileReference; lastKnownFileType = sourcecode.swift; path = "UInt16+Extension.swift"; sourceTree = "<group>"; };
		9850EAED2D019BF300701F00 /* UInt32+Extension.swift */ = {isa = PBXFileReference; lastKnownFileType = sourcecode.swift; path = "UInt32+Extension.swift"; sourceTree = "<group>"; };
		9850EAEE2D019BF300701F00 /* UInt64+Extension.swift */ = {isa = PBXFileReference; lastKnownFileType = sourcecode.swift; path = "UInt64+Extension.swift"; sourceTree = "<group>"; };
		9850EAEF2D019BF300701F00 /* UInt128.swift */ = {isa = PBXFileReference; lastKnownFileType = sourcecode.swift; path = UInt128.swift; sourceTree = "<group>"; };
		9850EAF02D019BF300701F00 /* Updatable.swift */ = {isa = PBXFileReference; lastKnownFileType = sourcecode.swift; path = Updatable.swift; sourceTree = "<group>"; };
		9850EAF12D019BF300701F00 /* Utils.swift */ = {isa = PBXFileReference; lastKnownFileType = sourcecode.swift; path = Utils.swift; sourceTree = "<group>"; };
		9850EAF22D019BF300701F00 /* ZeroPadding.swift */ = {isa = PBXFileReference; lastKnownFileType = sourcecode.swift; path = ZeroPadding.swift; sourceTree = "<group>"; };
		98A273FD2D8BA1AA0072A10C /* DetailWebViewController.swift */ = {isa = PBXFileReference; lastKnownFileType = sourcecode.swift; path = DetailWebViewController.swift; sourceTree = "<group>"; };
		98A2740B2D8CFAEF0072A10C /* close_416.png */ = {isa = PBXFileReference; lastKnownFileType = image.png; path = close_416.png; sourceTree = "<group>"; };
		98A2740C2D8CFAEF0072A10C /* close_white_416.png */ = {isa = PBXFileReference; lastKnownFileType = image.png; path = close_white_416.png; sourceTree = "<group>"; };
		98A2740F2D8D55800072A10C /* DetailWebViewController.xib */ = {isa = PBXFileReference; lastKnownFileType = file.xib; path = DetailWebViewController.xib; sourceTree = "<group>"; };
		98CE84FA2C50CD7700245400 /* TagWorks_SDK_iOS_v1.framework */ = {isa = PBXFileReference; explicitFileType = wrapper.framework; includeInIndex = 0; path = TagWorks_SDK_iOS_v1.framework; sourceTree = BUILT_PRODUCTS_DIR; };
		98CE84FD2C50CD7700245400 /* TagWorks_SDK_iOS_v1.h */ = {isa = PBXFileReference; lastKnownFileType = sourcecode.c.h; path = TagWorks_SDK_iOS_v1.h; sourceTree = "<group>"; };
		98CE84FE2C50CD7700245400 /* TagWorks_SDK_iOS_v1.docc */ = {isa = PBXFileReference; lastKnownFileType = folder.documentationcatalog; path = TagWorks_SDK_iOS_v1.docc; sourceTree = "<group>"; };
		98CE85042C50CD7700245400 /* TagWorks-SDK-iOS-v1Tests.xctest */ = {isa = PBXFileReference; explicitFileType = wrapper.cfbundle; includeInIndex = 0; path = "TagWorks-SDK-iOS-v1Tests.xctest"; sourceTree = BUILT_PRODUCTS_DIR; };
		98CE85092C50CD7700245400 /* TagWorks_SDK_iOS_v1Tests.swift */ = {isa = PBXFileReference; lastKnownFileType = sourcecode.swift; path = TagWorks_SDK_iOS_v1Tests.swift; sourceTree = "<group>"; };
		98CE85142C50CDF400245400 /* TagWorks.swift */ = {isa = PBXFileReference; fileEncoding = 4; lastKnownFileType = sourcecode.swift; path = TagWorks.swift; sourceTree = "<group>"; };
		98CE85152C50CDF400245400 /* DefaultDispatcher.swift */ = {isa = PBXFileReference; fileEncoding = 4; lastKnownFileType = sourcecode.swift; path = DefaultDispatcher.swift; sourceTree = "<group>"; };
		98CE85172C50CDF500245400 /* Common.swift */ = {isa = PBXFileReference; fileEncoding = 4; lastKnownFileType = sourcecode.swift; path = Common.swift; sourceTree = "<group>"; };
		98CE85182C50CDF500245400 /* LogLevel.swift */ = {isa = PBXFileReference; fileEncoding = 4; lastKnownFileType = sourcecode.swift; path = LogLevel.swift; sourceTree = "<group>"; };
		98CE851A2C50CDF500245400 /* CommonUtil.swift */ = {isa = PBXFileReference; fileEncoding = 4; lastKnownFileType = sourcecode.swift; path = CommonUtil.swift; sourceTree = "<group>"; };
		98CE851B2C50CDF500245400 /* DefaultLogger.swift */ = {isa = PBXFileReference; fileEncoding = 4; lastKnownFileType = sourcecode.swift; path = DefaultLogger.swift; sourceTree = "<group>"; };
		98CE851C2C50CDF500245400 /* DefaultQueue.swift */ = {isa = PBXFileReference; fileEncoding = 4; lastKnownFileType = sourcecode.swift; path = DefaultQueue.swift; sourceTree = "<group>"; };
		98CE851D2C50CDF500245400 /* EventSerializer.swift */ = {isa = PBXFileReference; fileEncoding = 4; lastKnownFileType = sourcecode.swift; path = EventSerializer.swift; sourceTree = "<group>"; };
		98CE851F2C50CDF500245400 /* Dispatcher.swift */ = {isa = PBXFileReference; fileEncoding = 4; lastKnownFileType = sourcecode.swift; path = Dispatcher.swift; sourceTree = "<group>"; };
		98CE85202C50CDF500245400 /* Logger.swift */ = {isa = PBXFileReference; fileEncoding = 4; lastKnownFileType = sourcecode.swift; path = Logger.swift; sourceTree = "<group>"; };
		98CE85212C50CDF500245400 /* Queue.swift */ = {isa = PBXFileReference; fileEncoding = 4; lastKnownFileType = sourcecode.swift; path = Queue.swift; sourceTree = "<group>"; };
		98CE85222C50CDF500245400 /* Serializer.swift */ = {isa = PBXFileReference; fileEncoding = 4; lastKnownFileType = sourcecode.swift; path = Serializer.swift; sourceTree = "<group>"; };
		98CE85242C50CDF500245400 /* AppInfo.swift */ = {isa = PBXFileReference; fileEncoding = 4; lastKnownFileType = sourcecode.swift; path = AppInfo.swift; sourceTree = "<group>"; };
		98CE85252C50CDF500245400 /* DataBundle.swift */ = {isa = PBXFileReference; fileEncoding = 4; lastKnownFileType = sourcecode.swift; path = DataBundle.swift; sourceTree = "<group>"; };
		98CE85262C50CDF500245400 /* DeviceInfo.swift */ = {isa = PBXFileReference; fileEncoding = 4; lastKnownFileType = sourcecode.swift; path = DeviceInfo.swift; sourceTree = "<group>"; };
		98CE85272C50CDF500245400 /* Dimension.swift */ = {isa = PBXFileReference; fileEncoding = 4; lastKnownFileType = sourcecode.swift; path = Dimension.swift; sourceTree = "<group>"; };
		98CE85282C50CDF500245400 /* Event.swift */ = {isa = PBXFileReference; fileEncoding = 4; lastKnownFileType = sourcecode.swift; path = Event.swift; sourceTree = "<group>"; };
		98CE85292C50CDF500245400 /* UserAgent.swift */ = {isa = PBXFileReference; fileEncoding = 4; lastKnownFileType = sourcecode.swift; path = UserAgent.swift; sourceTree = "<group>"; };
		98CE852B2C50CDF500245400 /* TagWorksBase.swift */ = {isa = PBXFileReference; fileEncoding = 4; lastKnownFileType = sourcecode.swift; path = TagWorksBase.swift; sourceTree = "<group>"; };
		98CE85592C50F56000245400 /* WebInterface.swift */ = {isa = PBXFileReference; lastKnownFileType = sourcecode.swift; path = WebInterface.swift; sourceTree = "<group>"; };
		98CE859D2C523EFB00245400 /* KeychainStorage.swift */ = {isa = PBXFileReference; lastKnownFileType = sourcecode.swift; path = KeychainStorage.swift; sourceTree = "<group>"; };
		98CFA01C2DD7271900D347C3 /* UIViewController+Extensions.swift */ = {isa = PBXFileReference; lastKnownFileType = sourcecode.swift; path = "UIViewController+Extensions.swift"; sourceTree = "<group>"; };
		98CFA01E2DD7274B00D347C3 /* UIView+Extensions.swift */ = {isa = PBXFileReference; lastKnownFileType = sourcecode.swift; path = "UIView+Extensions.swift"; sourceTree = "<group>"; };
		98E268EE2CC0D81600FF8F59 /* libswiftCore.tbd */ = {isa = PBXFileReference; lastKnownFileType = "sourcecode.text-based-dylib-definition"; name = libswiftCore.tbd; path = Platforms/MacOSX.platform/Developer/SDKs/MacOSX15.0.sdk/usr/lib/swift/libswiftCore.tbd; sourceTree = DEVELOPER_DIR; };
/* End PBXFileReference section */

/* Begin PBXFrameworksBuildPhase section */
		98CE84F72C50CD7700245400 /* Frameworks */ = {
			isa = PBXFrameworksBuildPhase;
			buildActionMask = 2147483647;
			files = (
				98E268EF2CC0D81600FF8F59 /* libswiftCore.tbd in Frameworks */,
			);
			runOnlyForDeploymentPostprocessing = 0;
		};
		98CE85012C50CD7700245400 /* Frameworks */ = {
			isa = PBXFrameworksBuildPhase;
			buildActionMask = 2147483647;
			files = (
				98CE85052C50CD7700245400 /* TagWorks_SDK_iOS_v1.framework in Frameworks */,
			);
			runOnlyForDeploymentPostprocessing = 0;
		};
/* End PBXFrameworksBuildPhase section */

/* Begin PBXGroup section */
		9815590E2D79A21C00AA8B9F /* Extension */ = {
			isa = PBXGroup;
			children = (
				9815590F2D79A23C00AA8B9F /* UI+Extensions.swift */,
				98CFA01C2DD7271900D347C3 /* UIViewController+Extensions.swift */,
				98CFA01E2DD7274B00D347C3 /* UIView+Extensions.swift */,
			);
			path = Extension;
			sourceTree = "<group>";
		};
		9850EAA52D019BF300701F00 /* AEAD */ = {
			isa = PBXGroup;
			children = (
				9850EAA32D019BF300701F00 /* AEAD.swift */,
				9850EAA42D019BF300701F00 /* AEADChaCha20Poly1305.swift */,
			);
			path = AEAD;
			sourceTree = "<group>";
		};
		9850EAB22D019BF300701F00 /* BlockMode */ = {
			isa = PBXGroup;
			children = (
				9850EAA62D019BF300701F00 /* BlockMode.swift */,
				9850EAA72D019BF300701F00 /* BlockModeOptions.swift */,
				9850EAA82D019BF300701F00 /* CBC.swift */,
				9850EAA92D019BF300701F00 /* CCM.swift */,
				9850EAAA2D019BF300701F00 /* CFB.swift */,
				9850EAAB2D019BF300701F00 /* CipherModeWorker.swift */,
				9850EAAC2D019BF300701F00 /* CTR.swift */,
				9850EAAD2D019BF300701F00 /* ECB.swift */,
				9850EAAE2D019BF300701F00 /* GCM.swift */,
				9850EAAF2D019BF300701F00 /* OCB.swift */,
				9850EAB02D019BF300701F00 /* OFB.swift */,
				9850EAB12D019BF300701F00 /* PCBC.swift */,
			);
			path = BlockMode;
			sourceTree = "<group>";
		};
		9850EABC2D019BF300701F00 /* Foundation */ = {
			isa = PBXGroup;
			children = (
				9850EAB32D019BF300701F00 /* AES+Foundation.swift */,
				9850EAB42D019BF300701F00 /* Array+Foundation.swift */,
				9850EAB52D019BF300701F00 /* Blowfish+Foundation.swift */,
				9850EAB62D019BF300701F00 /* ChaCha20+Foundation.swift */,
				9850EAB72D019BF300701F00 /* Data+Extension.swift */,
				9850EAB82D019BF300701F00 /* HMAC+Foundation.swift */,
				9850EAB92D019BF300701F00 /* Rabbit+Foundation.swift */,
				9850EABA2D019BF300701F00 /* String+FoundationExtension.swift */,
				9850EABB2D019BF300701F00 /* Utils+Foundation.swift */,
			);
			path = Foundation;
			sourceTree = "<group>";
		};
		9850EAC22D019BF300701F00 /* PKCS */ = {
			isa = PBXGroup;
			children = (
				9850EABD2D019BF300701F00 /* PBKDF1.swift */,
				9850EABE2D019BF300701F00 /* PBKDF2.swift */,
				9850EABF2D019BF300701F00 /* PKCS5.swift */,
				9850EAC02D019BF300701F00 /* PKCS7.swift */,
				9850EAC12D019BF300701F00 /* PKCS7Padding.swift */,
			);
			path = PKCS;
			sourceTree = "<group>";
		};
		9850EAF32D019BF300701F00 /* CryptoSwift */ = {
			isa = PBXGroup;
			children = (
				9850EAA52D019BF300701F00 /* AEAD */,
				9850EAB22D019BF300701F00 /* BlockMode */,
				9850EABC2D019BF300701F00 /* Foundation */,
				9850EAC22D019BF300701F00 /* PKCS */,
				9850EAC32D019BF300701F00 /* AES.swift */,
				9850EAC42D019BF300701F00 /* AES.Cryptors.swift */,
				9850EAC52D019BF300701F00 /* Array+Extension.swift */,
				9850EAC62D019BF300701F00 /* Authenticator.swift */,
				9850EAC72D019BF300701F00 /* BatchedCollection.swift */,
				9850EAC82D019BF300701F00 /* Bit.swift */,
				9850EAC92D019BF300701F00 /* BlockCipher.swift */,
				9850EACA2D019BF300701F00 /* BlockDecryptor.swift */,
				9850EACB2D019BF300701F00 /* BlockEncryptor.swift */,
				9850EACC2D019BF300701F00 /* Blowfish.swift */,
				9850EACD2D019BF300701F00 /* CBCMAC.swift */,
				9850EACE2D019BF300701F00 /* ChaCha20.swift */,
				9850EACF2D019BF300701F00 /* Checksum.swift */,
				9850EAD02D019BF300701F00 /* Cipher.swift */,
				9850EAD12D019BF300701F00 /* CMAC.swift */,
				9850EAD22D019BF300701F00 /* Collection+Extension.swift */,
				9850EAD32D019BF300701F00 /* CompactMap.swift */,
				9850EAD42D019BF300701F00 /* Cryptor.swift */,
				9850EAD52D019BF300701F00 /* Cryptors.swift */,
				9850EAD62D019BF300701F00 /* Digest.swift */,
				9850EAD72D019BF300701F00 /* DigestType.swift */,
				9850EAD82D019BF300701F00 /* Generics.swift */,
				9850EAD92D019BF300701F00 /* HKDF.swift */,
				9850EADA2D019BF300701F00 /* HMAC.swift */,
				9850EADB2D019BF300701F00 /* Int+Extension.swift */,
				9850EADC2D019BF300701F00 /* ISO78164Padding.swift */,
				9850EADD2D019BF300701F00 /* MD5.swift */,
				9850EADE2D019BF300701F00 /* NoPadding.swift */,
				9850EADF2D019BF300701F00 /* Operators.swift */,
				9850EAE02D019BF300701F00 /* Padding.swift */,
				9850EAE12D019BF300701F00 /* Poly1305.swift */,
				9850EAE22D019BF300701F00 /* Rabbit.swift */,
				9850EAE32D019BF300701F00 /* Scrypt.swift */,
				9850EAE42D019BF300701F00 /* SecureBytes.swift */,
				9850EAE52D019BF300701F00 /* SHA1.swift */,
				9850EAE62D019BF300701F00 /* SHA2.swift */,
				9850EAE72D019BF300701F00 /* SHA3.swift */,
				9850EAE82D019BF300701F00 /* StreamDecryptor.swift */,
				9850EAE92D019BF300701F00 /* StreamEncryptor.swift */,
				9850EAEA2D019BF300701F00 /* String+Extension.swift */,
				9850EAEB2D019BF300701F00 /* UInt8+Extension.swift */,
				9850EAEC2D019BF300701F00 /* UInt16+Extension.swift */,
				9850EAED2D019BF300701F00 /* UInt32+Extension.swift */,
				9850EAEE2D019BF300701F00 /* UInt64+Extension.swift */,
				9850EAEF2D019BF300701F00 /* UInt128.swift */,
				9850EAF02D019BF300701F00 /* Updatable.swift */,
				9850EAF12D019BF300701F00 /* Utils.swift */,
				9850EAF22D019BF300701F00 /* ZeroPadding.swift */,
			);
			path = CryptoSwift;
			sourceTree = "<group>";
		};
		9857C9222D6D7B0A009F3DE1 /* Manager */ = {
			isa = PBXGroup;
			children = (
				981559062D79898B00AA8B9F /* RestApiManager.swift */,
				981559072D79898B00AA8B9F /* WebViewManager.swift */,
			);
			path = Manager;
			sourceTree = "<group>";
		};
		98A2740A2D8CFA9B0072A10C /* Resources */ = {
			isa = PBXGroup;
			children = (
				98A2740B2D8CFAEF0072A10C /* close_416.png */,
				98A2740C2D8CFAEF0072A10C /* close_white_416.png */,
			);
			path = Resources;
			sourceTree = "<group>";
		};
		98CE84F02C50CD7700245400 = {
			isa = PBXGroup;
			children = (
				98CE84FC2C50CD7700245400 /* TagWorks-SDK-iOS-v1 */,
				98CE85082C50CD7700245400 /* TagWorks-SDK-iOS-v1Tests */,
				98CE84FB2C50CD7700245400 /* Products */,
				99C531338D873E1AA50B3D1B /* Frameworks */,
			);
			sourceTree = "<group>";
		};
		98CE84FB2C50CD7700245400 /* Products */ = {
			isa = PBXGroup;
			children = (
				98CE84FA2C50CD7700245400 /* TagWorks_SDK_iOS_v1.framework */,
				98CE85042C50CD7700245400 /* TagWorks-SDK-iOS-v1Tests.xctest */,
			);
			name = Products;
			sourceTree = "<group>";
		};
		98CE84FC2C50CD7700245400 /* TagWorks-SDK-iOS-v1 */ = {
			isa = PBXGroup;
			children = (
				98CE85142C50CDF400245400 /* TagWorks.swift */,
				98CE852B2C50CDF500245400 /* TagWorksBase.swift */,
				9815590C2D7989A600AA8B9F /* TagWorksPopup.swift */,
				98A2740A2D8CFA9B0072A10C /* Resources */,
				98CE85192C50CDF500245400 /* Constants */,
				9815590E2D79A21C00AA8B9F /* Extension */,
				9857C9222D6D7B0A009F3DE1 /* Manager */,
				98CE852A2C50CDF500245400 /* Data */,
				98CE85232C50CDF500245400 /* Protocol */,
				98CE85162C50CDF400245400 /* Transfer */,
				98CE851E2C50CDF500245400 /* Util */,
				98F1CCE72D64672600291C05 /* Popup */,
				98CE84FD2C50CD7700245400 /* TagWorks_SDK_iOS_v1.h */,
				98CE84FE2C50CD7700245400 /* TagWorks_SDK_iOS_v1.docc */,
			);
			path = "TagWorks-SDK-iOS-v1";
			sourceTree = "<group>";
		};
		98CE85082C50CD7700245400 /* TagWorks-SDK-iOS-v1Tests */ = {
			isa = PBXGroup;
			children = (
				98CE85092C50CD7700245400 /* TagWorks_SDK_iOS_v1Tests.swift */,
			);
			path = "TagWorks-SDK-iOS-v1Tests";
			sourceTree = "<group>";
		};
		98CE85162C50CDF400245400 /* Transfer */ = {
			isa = PBXGroup;
			children = (
				98CE85152C50CDF400245400 /* DefaultDispatcher.swift */,
			);
			path = Transfer;
			sourceTree = "<group>";
		};
		98CE85192C50CDF500245400 /* Constants */ = {
			isa = PBXGroup;
			children = (
				98CE85172C50CDF500245400 /* Common.swift */,
				98CE85182C50CDF500245400 /* LogLevel.swift */,
			);
			path = Constants;
			sourceTree = "<group>";
		};
		98CE851E2C50CDF500245400 /* Util */ = {
			isa = PBXGroup;
			children = (
				9850EAF32D019BF300701F00 /* CryptoSwift */,
				98CE851A2C50CDF500245400 /* CommonUtil.swift */,
				98CE851B2C50CDF500245400 /* DefaultLogger.swift */,
				98CE851C2C50CDF500245400 /* DefaultQueue.swift */,
				98CE851D2C50CDF500245400 /* EventSerializer.swift */,
				98CE85592C50F56000245400 /* WebInterface.swift */,
				98CE859D2C523EFB00245400 /* KeychainStorage.swift */,
			);
			path = Util;
			sourceTree = "<group>";
		};
		98CE85232C50CDF500245400 /* Protocol */ = {
			isa = PBXGroup;
			children = (
				98CE851F2C50CDF500245400 /* Dispatcher.swift */,
				98CE85202C50CDF500245400 /* Logger.swift */,
				98CE85212C50CDF500245400 /* Queue.swift */,
				98CE85222C50CDF500245400 /* Serializer.swift */,
			);
			path = Protocol;
			sourceTree = "<group>";
		};
		98CE852A2C50CDF500245400 /* Data */ = {
			isa = PBXGroup;
			children = (
				98CE85242C50CDF500245400 /* AppInfo.swift */,
				98CE85252C50CDF500245400 /* DataBundle.swift */,
				98CE85262C50CDF500245400 /* DeviceInfo.swift */,
				98CE85272C50CDF500245400 /* Dimension.swift */,
				98CE85282C50CDF500245400 /* Event.swift */,
				98CE85292C50CDF500245400 /* UserAgent.swift */,
			);
			path = Data;
			sourceTree = "<group>";
		};
		98F1CCE72D64672600291C05 /* Popup */ = {
			isa = PBXGroup;
			children = (
				981559112D79B05F00AA8B9F /* WebPopupStyle.swift */,
				9815590A2D79899900AA8B9F /* WebPopupViewController.swift */,
				98A273FD2D8BA1AA0072A10C /* DetailWebViewController.swift */,
				98A2740F2D8D55800072A10C /* DetailWebViewController.xib */,
			);
			path = Popup;
			sourceTree = "<group>";
		};
		99C531338D873E1AA50B3D1B /* Frameworks */ = {
			isa = PBXGroup;
			children = (
				98E268EE2CC0D81600FF8F59 /* libswiftCore.tbd */,
			);
			name = Frameworks;
			sourceTree = "<group>";
		};
/* End PBXGroup section */

/* Begin PBXHeadersBuildPhase section */
		98CE84F52C50CD7700245400 /* Headers */ = {
			isa = PBXHeadersBuildPhase;
			buildActionMask = 2147483647;
			files = (
				98CE850B2C50CD7700245400 /* TagWorks_SDK_iOS_v1.h in Headers */,
			);
			runOnlyForDeploymentPostprocessing = 0;
		};
/* End PBXHeadersBuildPhase section */

/* Begin PBXNativeTarget section */
		98CE84F92C50CD7700245400 /* TagWorks-SDK-iOS-v1 */ = {
			isa = PBXNativeTarget;
			buildConfigurationList = 98CE850E2C50CD7700245400 /* Build configuration list for PBXNativeTarget "TagWorks-SDK-iOS-v1" */;
			buildPhases = (
				98CE84F52C50CD7700245400 /* Headers */,
				98CE84F62C50CD7700245400 /* Sources */,
				98CE84F72C50CD7700245400 /* Frameworks */,
				98CE84F82C50CD7700245400 /* Resources */,
			);
			buildRules = (
			);
			dependencies = (
			);
			name = "TagWorks-SDK-iOS-v1";
			productName = "TagWorks-SDK-iOS-v1";
			productReference = 98CE84FA2C50CD7700245400 /* TagWorks_SDK_iOS_v1.framework */;
			productType = "com.apple.product-type.framework";
		};
		98CE85032C50CD7700245400 /* TagWorks-SDK-iOS-v1Tests */ = {
			isa = PBXNativeTarget;
			buildConfigurationList = 98CE85112C50CD7700245400 /* Build configuration list for PBXNativeTarget "TagWorks-SDK-iOS-v1Tests" */;
			buildPhases = (
				98CE85002C50CD7700245400 /* Sources */,
				98CE85012C50CD7700245400 /* Frameworks */,
				98CE85022C50CD7700245400 /* Resources */,
			);
			buildRules = (
			);
			dependencies = (
				98CE85072C50CD7700245400 /* PBXTargetDependency */,
			);
			name = "TagWorks-SDK-iOS-v1Tests";
			productName = "TagWorks-SDK-iOS-v1Tests";
			productReference = 98CE85042C50CD7700245400 /* TagWorks-SDK-iOS-v1Tests.xctest */;
			productType = "com.apple.product-type.bundle.unit-test";
		};
/* End PBXNativeTarget section */

/* Begin PBXProject section */
		98CE84F12C50CD7700245400 /* Project object */ = {
			isa = PBXProject;
			attributes = {
				BuildIndependentTargetsInParallel = 1;
				LastSwiftUpdateCheck = 1540;
				LastUpgradeCheck = 1540;
				TargetAttributes = {
					98CE84F92C50CD7700245400 = {
						CreatedOnToolsVersion = 15.4;
					};
					98CE85032C50CD7700245400 = {
						CreatedOnToolsVersion = 15.4;
					};
				};
			};
			buildConfigurationList = 98CE84F42C50CD7700245400 /* Build configuration list for PBXProject "TagWorks-SDK-iOS-v1" */;
			compatibilityVersion = "Xcode 14.0";
			developmentRegion = en;
			hasScannedForEncodings = 0;
			knownRegions = (
				en,
				Base,
			);
			mainGroup = 98CE84F02C50CD7700245400;
			productRefGroup = 98CE84FB2C50CD7700245400 /* Products */;
			projectDirPath = "";
			projectRoot = "";
			targets = (
				98CE84F92C50CD7700245400 /* TagWorks-SDK-iOS-v1 */,
				98CE85032C50CD7700245400 /* TagWorks-SDK-iOS-v1Tests */,
			);
		};
/* End PBXProject section */

/* Begin PBXResourcesBuildPhase section */
		98CE84F82C50CD7700245400 /* Resources */ = {
			isa = PBXResourcesBuildPhase;
			buildActionMask = 2147483647;
			files = (
				98A2740D2D8CFAEF0072A10C /* close_416.png in Resources */,
				98A274102D8D55800072A10C /* DetailWebViewController.xib in Resources */,
				98A2740E2D8CFAEF0072A10C /* close_white_416.png in Resources */,
			);
			runOnlyForDeploymentPostprocessing = 0;
		};
		98CE85022C50CD7700245400 /* Resources */ = {
			isa = PBXResourcesBuildPhase;
			buildActionMask = 2147483647;
			files = (
			);
			runOnlyForDeploymentPostprocessing = 0;
		};
/* End PBXResourcesBuildPhase section */

/* Begin PBXSourcesBuildPhase section */
		98CE84F62C50CD7700245400 /* Sources */ = {
			isa = PBXSourcesBuildPhase;
			buildActionMask = 2147483647;
			files = (
				98CE852E2C50CDF500245400 /* Common.swift in Sources */,
				98CE85352C50CDF500245400 /* Logger.swift in Sources */,
				98CE855A2C50F56000245400 /* WebInterface.swift in Sources */,
				98CE852D2C50CDF500245400 /* DefaultDispatcher.swift in Sources */,
				9850EAF42D019BF300701F00 /* Bit.swift in Sources */,
				9850EAF52D019BF300701F00 /* UInt8+Extension.swift in Sources */,
				9850EAF62D019BF300701F00 /* BlockCipher.swift in Sources */,
				9850EAF72D019BF300701F00 /* UInt128.swift in Sources */,
				9850EAF82D019BF300701F00 /* OFB.swift in Sources */,
				9850EAF92D019BF300701F00 /* Generics.swift in Sources */,
				9850EAFA2D019BF300701F00 /* BlockMode.swift in Sources */,
				9850EAFB2D019BF300701F00 /* Collection+Extension.swift in Sources */,
				981559102D79A23C00AA8B9F /* UI+Extensions.swift in Sources */,
				9850EAFC2D019BF300701F00 /* Utils.swift in Sources */,
				9850EAFD2D019BF300701F00 /* BatchedCollection.swift in Sources */,
				9850EAFE2D019BF300701F00 /* AEADChaCha20Poly1305.swift in Sources */,
				9850EAFF2D019BF300701F00 /* UInt64+Extension.swift in Sources */,
				9850EB002D019BF300701F00 /* Utils+Foundation.swift in Sources */,
				9850EB012D019BF300701F00 /* Cryptor.swift in Sources */,
				9850EB022D019BF300701F00 /* PCBC.swift in Sources */,
				9850EB032D019BF300701F00 /* PKCS7.swift in Sources */,
				9850EB042D019BF300701F00 /* AES.Cryptors.swift in Sources */,
				9850EB052D019BF300701F00 /* Authenticator.swift in Sources */,
				9815590D2D7989A600AA8B9F /* TagWorksPopup.swift in Sources */,
				9850EB062D019BF300701F00 /* CBC.swift in Sources */,
				9850EB072D019BF300701F00 /* StreamEncryptor.swift in Sources */,
				9850EB082D019BF300701F00 /* Rabbit.swift in Sources */,
				9850EB092D019BF300701F00 /* HKDF.swift in Sources */,
				9850EB0A2D019BF300701F00 /* Cipher.swift in Sources */,
				9850EB0B2D019BF300701F00 /* ISO78164Padding.swift in Sources */,
				9850EB0C2D019BF300701F00 /* Operators.swift in Sources */,
				9850EB0D2D019BF300701F00 /* String+FoundationExtension.swift in Sources */,
				9850EB0E2D019BF300701F00 /* Cryptors.swift in Sources */,
				9850EB0F2D019BF300701F00 /* String+Extension.swift in Sources */,
				9850EB102D019BF300701F00 /* ChaCha20+Foundation.swift in Sources */,
				9850EB112D019BF300701F00 /* CBCMAC.swift in Sources */,
				9850EB122D019BF300701F00 /* Updatable.swift in Sources */,
				981559082D79898B00AA8B9F /* RestApiManager.swift in Sources */,
				981559092D79898B00AA8B9F /* WebViewManager.swift in Sources */,
				9850EB132D019BF300701F00 /* OCB.swift in Sources */,
				9850EB142D019BF300701F00 /* BlockModeOptions.swift in Sources */,
				98CFA01F2DD7274B00D347C3 /* UIView+Extensions.swift in Sources */,
				9850EB152D019BF300701F00 /* Data+Extension.swift in Sources */,
				98CFA01D2DD7271900D347C3 /* UIViewController+Extensions.swift in Sources */,
				9850EB162D019BF300701F00 /* AES+Foundation.swift in Sources */,
				9850EB172D019BF300701F00 /* ECB.swift in Sources */,
				9850EB182D019BF300701F00 /* PBKDF1.swift in Sources */,
				9850EB192D019BF300701F00 /* AES.swift in Sources */,
				9850EB1A2D019BF300701F00 /* Checksum.swift in Sources */,
				9850EB1B2D019BF300701F00 /* SHA3.swift in Sources */,
				9850EB1C2D019BF300701F00 /* Rabbit+Foundation.swift in Sources */,
				9850EB1D2D019BF300701F00 /* SHA1.swift in Sources */,
				9850EB1E2D019BF300701F00 /* PKCS5.swift in Sources */,
				9850EB1F2D019BF300701F00 /* Array+Extension.swift in Sources */,
				9850EB202D019BF300701F00 /* CMAC.swift in Sources */,
				9850EB212D019BF300701F00 /* ZeroPadding.swift in Sources */,
				9850EB222D019BF300701F00 /* Padding.swift in Sources */,
				9850EB232D019BF300701F00 /* CFB.swift in Sources */,
				9850EB242D019BF300701F00 /* MD5.swift in Sources */,
				9850EB252D019BF300701F00 /* CompactMap.swift in Sources */,
				9850EB262D019BF300701F00 /* Array+Foundation.swift in Sources */,
				9850EB272D019BF300701F00 /* ChaCha20.swift in Sources */,
				9850EB282D019BF300701F00 /* SHA2.swift in Sources */,
				9850EB292D019BF300701F00 /* CTR.swift in Sources */,
				9850EB2A2D019BF300701F00 /* PKCS7Padding.swift in Sources */,
				9850EB2B2D019BF300701F00 /* BlockEncryptor.swift in Sources */,
				9850EB2C2D019BF300701F00 /* GCM.swift in Sources */,
				981559122D79B05F00AA8B9F /* WebPopupStyle.swift in Sources */,
				9850EB2D2D019BF300701F00 /* Blowfish.swift in Sources */,
				9850EB2E2D019BF300701F00 /* CipherModeWorker.swift in Sources */,
				9850EB2F2D019BF300701F00 /* StreamDecryptor.swift in Sources */,
				9850EB302D019BF300701F00 /* Blowfish+Foundation.swift in Sources */,
				9850EB312D019BF300701F00 /* HMAC+Foundation.swift in Sources */,
				9850EB322D019BF300701F00 /* HMAC.swift in Sources */,
				9850EB332D019BF300701F00 /* UInt16+Extension.swift in Sources */,
				9850EB342D019BF300701F00 /* SecureBytes.swift in Sources */,
				9850EB352D019BF300701F00 /* DigestType.swift in Sources */,
				9850EB362D019BF300701F00 /* AEAD.swift in Sources */,
				9850EB372D019BF300701F00 /* CCM.swift in Sources */,
				9850EB382D019BF300701F00 /* Scrypt.swift in Sources */,
				9850EB392D019BF300701F00 /* UInt32+Extension.swift in Sources */,
				9850EB3A2D019BF300701F00 /* BlockDecryptor.swift in Sources */,
				9850EB3B2D019BF300701F00 /* Poly1305.swift in Sources */,
				9850EB3C2D019BF300701F00 /* Digest.swift in Sources */,
				9850EB3D2D019BF300701F00 /* Int+Extension.swift in Sources */,
				9850EB3E2D019BF300701F00 /* NoPadding.swift in Sources */,
				98A273FE2D8BA1AA0072A10C /* DetailWebViewController.swift in Sources */,
				9850EB3F2D019BF300701F00 /* PBKDF2.swift in Sources */,
				98CE853D2C50CDF500245400 /* UserAgent.swift in Sources */,
				98CE85372C50CDF500245400 /* Serializer.swift in Sources */,
				98CE85302C50CDF500245400 /* CommonUtil.swift in Sources */,
				98CE85312C50CDF500245400 /* DefaultLogger.swift in Sources */,
				98CE853B2C50CDF500245400 /* Dimension.swift in Sources */,
				98CE85342C50CDF500245400 /* Dispatcher.swift in Sources */,
				9815590B2D79899900AA8B9F /* WebPopupViewController.swift in Sources */,
				98CE853A2C50CDF500245400 /* DeviceInfo.swift in Sources */,
				98CE84FF2C50CD7700245400 /* TagWorks_SDK_iOS_v1.docc in Sources */,
				98CE853C2C50CDF500245400 /* Event.swift in Sources */,
				98CE85362C50CDF500245400 /* Queue.swift in Sources */,
				98CE85332C50CDF500245400 /* EventSerializer.swift in Sources */,
				98CE852F2C50CDF500245400 /* LogLevel.swift in Sources */,
				98CE852C2C50CDF500245400 /* TagWorks.swift in Sources */,
				98CE85322C50CDF500245400 /* DefaultQueue.swift in Sources */,
				98CE85392C50CDF500245400 /* DataBundle.swift in Sources */,
				98CE859E2C523EFB00245400 /* KeychainStorage.swift in Sources */,
				98CE853E2C50CDF500245400 /* TagWorksBase.swift in Sources */,
				98CE85382C50CDF500245400 /* AppInfo.swift in Sources */,
			);
			runOnlyForDeploymentPostprocessing = 0;
		};
		98CE85002C50CD7700245400 /* Sources */ = {
			isa = PBXSourcesBuildPhase;
			buildActionMask = 2147483647;
			files = (
				98CE850A2C50CD7700245400 /* TagWorks_SDK_iOS_v1Tests.swift in Sources */,
			);
			runOnlyForDeploymentPostprocessing = 0;
		};
/* End PBXSourcesBuildPhase section */

/* Begin PBXTargetDependency section */
		98CE85072C50CD7700245400 /* PBXTargetDependency */ = {
			isa = PBXTargetDependency;
			target = 98CE84F92C50CD7700245400 /* TagWorks-SDK-iOS-v1 */;
			targetProxy = 98CE85062C50CD7700245400 /* PBXContainerItemProxy */;
		};
/* End PBXTargetDependency section */

/* Begin XCBuildConfiguration section */
		98CE850C2C50CD7700245400 /* Debug */ = {
			isa = XCBuildConfiguration;
			buildSettings = {
				ALWAYS_SEARCH_USER_PATHS = NO;
				ASSETCATALOG_COMPILER_GENERATE_SWIFT_ASSET_SYMBOL_EXTENSIONS = YES;
				CLANG_ANALYZER_NONNULL = YES;
				CLANG_ANALYZER_NUMBER_OBJECT_CONVERSION = YES_AGGRESSIVE;
				CLANG_CXX_LANGUAGE_STANDARD = "gnu++20";
				CLANG_ENABLE_MODULES = YES;
				CLANG_ENABLE_OBJC_ARC = YES;
				CLANG_ENABLE_OBJC_WEAK = YES;
				CLANG_WARN_BLOCK_CAPTURE_AUTORELEASING = YES;
				CLANG_WARN_BOOL_CONVERSION = YES;
				CLANG_WARN_COMMA = YES;
				CLANG_WARN_CONSTANT_CONVERSION = YES;
				CLANG_WARN_DEPRECATED_OBJC_IMPLEMENTATIONS = YES;
				CLANG_WARN_DIRECT_OBJC_ISA_USAGE = YES_ERROR;
				CLANG_WARN_DOCUMENTATION_COMMENTS = YES;
				CLANG_WARN_EMPTY_BODY = YES;
				CLANG_WARN_ENUM_CONVERSION = YES;
				CLANG_WARN_INFINITE_RECURSION = YES;
				CLANG_WARN_INT_CONVERSION = YES;
				CLANG_WARN_NON_LITERAL_NULL_CONVERSION = YES;
				CLANG_WARN_OBJC_IMPLICIT_RETAIN_SELF = YES;
				CLANG_WARN_OBJC_LITERAL_CONVERSION = YES;
				CLANG_WARN_OBJC_ROOT_CLASS = YES_ERROR;
				CLANG_WARN_QUOTED_INCLUDE_IN_FRAMEWORK_HEADER = YES;
				CLANG_WARN_RANGE_LOOP_ANALYSIS = YES;
				CLANG_WARN_STRICT_PROTOTYPES = YES;
				CLANG_WARN_SUSPICIOUS_MOVE = YES;
				CLANG_WARN_UNGUARDED_AVAILABILITY = YES_AGGRESSIVE;
				CLANG_WARN_UNREACHABLE_CODE = YES;
				CLANG_WARN__DUPLICATE_METHOD_MATCH = YES;
				COPY_PHASE_STRIP = NO;
				CURRENT_PROJECT_VERSION = 1;
				DEBUG_INFORMATION_FORMAT = dwarf;
				ENABLE_STRICT_OBJC_MSGSEND = YES;
				ENABLE_TESTABILITY = YES;
				ENABLE_USER_SCRIPT_SANDBOXING = YES;
				GCC_C_LANGUAGE_STANDARD = gnu17;
				GCC_DYNAMIC_NO_PIC = NO;
				GCC_NO_COMMON_BLOCKS = YES;
				GCC_OPTIMIZATION_LEVEL = 0;
				GCC_PREPROCESSOR_DEFINITIONS = (
					"DEBUG=1",
					"$(inherited)",
				);
				GCC_WARN_64_TO_32_BIT_CONVERSION = YES;
				GCC_WARN_ABOUT_RETURN_TYPE = YES_ERROR;
				GCC_WARN_UNDECLARED_SELECTOR = YES;
				GCC_WARN_UNINITIALIZED_AUTOS = YES_AGGRESSIVE;
				GCC_WARN_UNUSED_FUNCTION = YES;
				GCC_WARN_UNUSED_VARIABLE = YES;
				IPHONEOS_DEPLOYMENT_TARGET = 9.0;
				LOCALIZATION_PREFERS_STRING_CATALOGS = YES;
				MTL_ENABLE_DEBUG_INFO = INCLUDE_SOURCE;
				MTL_FAST_MATH = YES;
				ONLY_ACTIVE_ARCH = YES;
				SDKROOT = iphoneos;
				SWIFT_ACTIVE_COMPILATION_CONDITIONS = "DEBUG $(inherited)";
				SWIFT_OPTIMIZATION_LEVEL = "-Onone";
				VERSIONING_SYSTEM = "apple-generic";
				VERSION_INFO_PREFIX = "";
			};
			name = Debug;
		};
		98CE850D2C50CD7700245400 /* Release */ = {
			isa = XCBuildConfiguration;
			buildSettings = {
				ALWAYS_SEARCH_USER_PATHS = NO;
				ASSETCATALOG_COMPILER_GENERATE_SWIFT_ASSET_SYMBOL_EXTENSIONS = YES;
				CLANG_ANALYZER_NONNULL = YES;
				CLANG_ANALYZER_NUMBER_OBJECT_CONVERSION = YES_AGGRESSIVE;
				CLANG_CXX_LANGUAGE_STANDARD = "gnu++20";
				CLANG_ENABLE_MODULES = YES;
				CLANG_ENABLE_OBJC_ARC = YES;
				CLANG_ENABLE_OBJC_WEAK = YES;
				CLANG_WARN_BLOCK_CAPTURE_AUTORELEASING = YES;
				CLANG_WARN_BOOL_CONVERSION = YES;
				CLANG_WARN_COMMA = YES;
				CLANG_WARN_CONSTANT_CONVERSION = YES;
				CLANG_WARN_DEPRECATED_OBJC_IMPLEMENTATIONS = YES;
				CLANG_WARN_DIRECT_OBJC_ISA_USAGE = YES_ERROR;
				CLANG_WARN_DOCUMENTATION_COMMENTS = YES;
				CLANG_WARN_EMPTY_BODY = YES;
				CLANG_WARN_ENUM_CONVERSION = YES;
				CLANG_WARN_INFINITE_RECURSION = YES;
				CLANG_WARN_INT_CONVERSION = YES;
				CLANG_WARN_NON_LITERAL_NULL_CONVERSION = YES;
				CLANG_WARN_OBJC_IMPLICIT_RETAIN_SELF = YES;
				CLANG_WARN_OBJC_LITERAL_CONVERSION = YES;
				CLANG_WARN_OBJC_ROOT_CLASS = YES_ERROR;
				CLANG_WARN_QUOTED_INCLUDE_IN_FRAMEWORK_HEADER = YES;
				CLANG_WARN_RANGE_LOOP_ANALYSIS = YES;
				CLANG_WARN_STRICT_PROTOTYPES = YES;
				CLANG_WARN_SUSPICIOUS_MOVE = YES;
				CLANG_WARN_UNGUARDED_AVAILABILITY = YES_AGGRESSIVE;
				CLANG_WARN_UNREACHABLE_CODE = YES;
				CLANG_WARN__DUPLICATE_METHOD_MATCH = YES;
				COPY_PHASE_STRIP = NO;
				CURRENT_PROJECT_VERSION = 1;
				DEBUG_INFORMATION_FORMAT = "dwarf-with-dsym";
				ENABLE_NS_ASSERTIONS = NO;
				ENABLE_STRICT_OBJC_MSGSEND = YES;
				ENABLE_USER_SCRIPT_SANDBOXING = YES;
				GCC_C_LANGUAGE_STANDARD = gnu17;
				GCC_NO_COMMON_BLOCKS = YES;
				GCC_WARN_64_TO_32_BIT_CONVERSION = YES;
				GCC_WARN_ABOUT_RETURN_TYPE = YES_ERROR;
				GCC_WARN_UNDECLARED_SELECTOR = YES;
				GCC_WARN_UNINITIALIZED_AUTOS = YES_AGGRESSIVE;
				GCC_WARN_UNUSED_FUNCTION = YES;
				GCC_WARN_UNUSED_VARIABLE = YES;
				IPHONEOS_DEPLOYMENT_TARGET = 9.0;
				LOCALIZATION_PREFERS_STRING_CATALOGS = YES;
				MTL_ENABLE_DEBUG_INFO = NO;
				MTL_FAST_MATH = YES;
				SDKROOT = iphoneos;
				SWIFT_COMPILATION_MODE = wholemodule;
				VALIDATE_PRODUCT = YES;
				VERSIONING_SYSTEM = "apple-generic";
				VERSION_INFO_PREFIX = "";
			};
			name = Release;
		};
		98CE850F2C50CD7700245400 /* Debug */ = {
			isa = XCBuildConfiguration;
			buildSettings = {
				BUILD_LIBRARY_FOR_DISTRIBUTION = YES;
				CODE_SIGN_IDENTITY = "Apple Development";
				CODE_SIGN_STYLE = Automatic;
				CURRENT_PROJECT_VERSION = 1.1.26;
				DEFINES_MODULE = YES;
				DEVELOPMENT_TEAM = SD2JH29386;
				DYLIB_COMPATIBILITY_VERSION = 1;
				DYLIB_CURRENT_VERSION = 1.1.26;
				DYLIB_INSTALL_NAME_BASE = "@rpath";
				ENABLE_MODULE_VERIFIER = YES;
				FRAMEWORK_SEARCH_PATHS = "$(inherited)";
				GENERATE_INFOPLIST_FILE = YES;
				INFOPLIST_KEY_NSHumanReadableCopyright = "";
				INSTALL_PATH = "$(LOCAL_LIBRARY_DIR)/Frameworks";
				IPHONEOS_DEPLOYMENT_TARGET = 9.0;
				LD_RUNPATH_SEARCH_PATHS = (
					"$(inherited)",
					"@executable_path/Frameworks",
					"@loader_path/Frameworks",
				);
				MARKETING_VERSION = 1.1.26;
				MODULE_VERIFIER_SUPPORTED_LANGUAGES = "objective-c objective-c++";
				MODULE_VERIFIER_SUPPORTED_LANGUAGE_STANDARDS = "gnu17 gnu++20";
				OTHER_LDFLAGS = "$(inherited)";
				PRODUCT_BUNDLE_IDENTIFIER = "com.obzen.TagWorks-SDK-iOS-v1";
				PRODUCT_NAME = "$(TARGET_NAME:c99extidentifier)";
				PROVISIONING_PROFILE_SPECIFIER = "";
				SKIP_INSTALL = YES;
				SWIFT_EMIT_LOC_STRINGS = YES;
				SWIFT_INSTALL_OBJC_HEADER = YES;
				SWIFT_VERSION = 5.0;
				TARGETED_DEVICE_FAMILY = "1,2";
			};
			name = Debug;
		};
		98CE85102C50CD7700245400 /* Release */ = {
			isa = XCBuildConfiguration;
			buildSettings = {
				BUILD_LIBRARY_FOR_DISTRIBUTION = YES;
				CODE_SIGN_IDENTITY = "Apple Development";
				CODE_SIGN_STYLE = Automatic;
				CURRENT_PROJECT_VERSION = 1.1.26;
				DEFINES_MODULE = YES;
				DEVELOPMENT_TEAM = SD2JH29386;
				DYLIB_COMPATIBILITY_VERSION = 1;
				DYLIB_CURRENT_VERSION = 1.1.26;
				DYLIB_INSTALL_NAME_BASE = "@rpath";
				ENABLE_MODULE_VERIFIER = YES;
				FRAMEWORK_SEARCH_PATHS = "$(inherited)";
				GENERATE_INFOPLIST_FILE = YES;
				INFOPLIST_KEY_NSHumanReadableCopyright = "";
				INSTALL_PATH = "$(LOCAL_LIBRARY_DIR)/Frameworks";
				IPHONEOS_DEPLOYMENT_TARGET = 9.0;
				LD_RUNPATH_SEARCH_PATHS = (
					"$(inherited)",
					"@executable_path/Frameworks",
					"@loader_path/Frameworks",
				);
				MARKETING_VERSION = 1.1.26;
				MODULE_VERIFIER_SUPPORTED_LANGUAGES = "objective-c objective-c++";
				MODULE_VERIFIER_SUPPORTED_LANGUAGE_STANDARDS = "gnu17 gnu++20";
				OTHER_LDFLAGS = "$(inherited)";
				PRODUCT_BUNDLE_IDENTIFIER = "com.obzen.TagWorks-SDK-iOS-v1";
				PRODUCT_NAME = "$(TARGET_NAME:c99extidentifier)";
				PROVISIONING_PROFILE_SPECIFIER = "";
				SKIP_INSTALL = YES;
				SWIFT_EMIT_LOC_STRINGS = YES;
				SWIFT_INSTALL_OBJC_HEADER = YES;
				SWIFT_VERSION = 5.0;
				TARGETED_DEVICE_FAMILY = "1,2";
			};
			name = Release;
		};
		98CE85122C50CD7700245400 /* Debug */ = {
			isa = XCBuildConfiguration;
			buildSettings = {
				ALWAYS_EMBED_SWIFT_STANDARD_LIBRARIES = YES;
				CODE_SIGN_STYLE = Automatic;
				CURRENT_PROJECT_VERSION = 1;
				DEVELOPMENT_TEAM = SD2JH29386;
				GENERATE_INFOPLIST_FILE = YES;
				MARKETING_VERSION = 1.0;
				PRODUCT_BUNDLE_IDENTIFIER = "com.obzen.TagWorks-SDK-iOS-v1Tests";
				PRODUCT_NAME = "$(TARGET_NAME)";
				SWIFT_EMIT_LOC_STRINGS = NO;
				SWIFT_VERSION = 5.0;
				TARGETED_DEVICE_FAMILY = "1,2";
			};
			name = Debug;
		};
		98CE85132C50CD7700245400 /* Release */ = {
			isa = XCBuildConfiguration;
			buildSettings = {
				ALWAYS_EMBED_SWIFT_STANDARD_LIBRARIES = YES;
				CODE_SIGN_STYLE = Automatic;
				CURRENT_PROJECT_VERSION = 1;
				DEVELOPMENT_TEAM = SD2JH29386;
				GENERATE_INFOPLIST_FILE = YES;
				MARKETING_VERSION = 1.0;
				PRODUCT_BUNDLE_IDENTIFIER = "com.obzen.TagWorks-SDK-iOS-v1Tests";
				PRODUCT_NAME = "$(TARGET_NAME)";
				SWIFT_EMIT_LOC_STRINGS = NO;
				SWIFT_VERSION = 5.0;
				TARGETED_DEVICE_FAMILY = "1,2";
			};
			name = Release;
		};
/* End XCBuildConfiguration section */

/* Begin XCConfigurationList section */
		98CE84F42C50CD7700245400 /* Build configuration list for PBXProject "TagWorks-SDK-iOS-v1" */ = {
			isa = XCConfigurationList;
			buildConfigurations = (
				98CE850C2C50CD7700245400 /* Debug */,
				98CE850D2C50CD7700245400 /* Release */,
			);
			defaultConfigurationIsVisible = 0;
			defaultConfigurationName = Release;
		};
		98CE850E2C50CD7700245400 /* Build configuration list for PBXNativeTarget "TagWorks-SDK-iOS-v1" */ = {
			isa = XCConfigurationList;
			buildConfigurations = (
				98CE850F2C50CD7700245400 /* Debug */,
				98CE85102C50CD7700245400 /* Release */,
			);
			defaultConfigurationIsVisible = 0;
			defaultConfigurationName = Release;
		};
		98CE85112C50CD7700245400 /* Build configuration list for PBXNativeTarget "TagWorks-SDK-iOS-v1Tests" */ = {
			isa = XCConfigurationList;
			buildConfigurations = (
				98CE85122C50CD7700245400 /* Debug */,
				98CE85132C50CD7700245400 /* Release */,
			);
			defaultConfigurationIsVisible = 0;
			defaultConfigurationName = Release;
		};
/* End XCConfigurationList section */
	};
	rootObject = 98CE84F12C50CD7700245400 /* Project object */;
}
